
Microsoft Visual Studio Solution File, Format Version 12.00
# Visual Studio Version 17
VisualStudioVersion = 17.9.34622.214
MinimumVisualStudioVersion = 10.0.40219.1
Project("{9A19103F-16F7-4668-BE54-9A1E7A4F7556}") = "ConsoleApp", "ConsoleApp\ConsoleApp.csproj", "{867F904F-A42F-40A9-AFFC-D06DE0AAB48B}"
EndProject
Project("{9A19103F-16F7-4668-BE54-9A1E7A4F7556}") = "Domain", "Domain\Domain.csproj", "{ADDCEC71-D1E4-4607-80A3-792C8E7D23BB}"
EndProject
Project("{9A19103F-16F7-4668-BE54-9A1E7A4F7556}") = "Application", "Application\Application.csproj", "{80999FDF-A76D-4EB2-8238-14BF7E60A6ED}"
EndProject
Project("{FAE04EC0-301F-11D3-BF4B-00C04F79EFBC}") = "Presentation.Console", "Presentation.Console\Presentation.Console.csproj", "{AE411D4A-A114-4AEC-89D8-E067F8DF5F29}"
EndProject
Project("{FAE04EC0-301F-11D3-BF4B-00C04F79EFBC}") = "Presentation.Rest", "Presentation.Rest\Presentation.Rest.csproj", "{9CC58F35-EAC0-4BC8-927B-BEC8B70E7299}"
EndProject
Global
	GlobalSection(SolutionConfigurationPlatforms) = preSolution
		Debug|Any CPU = Debug|Any CPU
		Release|Any CPU = Release|Any CPU
	EndGlobalSection
	GlobalSection(ProjectConfigurationPlatforms) = postSolution
		{867F904F-A42F-40A9-AFFC-D06DE0AAB48B}.Debug|Any CPU.ActiveCfg = Debug|Any CPU
		{867F904F-A42F-40A9-AFFC-D06DE0AAB48B}.Debug|Any CPU.Build.0 = Debug|Any CPU
		{867F904F-A42F-40A9-AFFC-D06DE0AAB48B}.Release|Any CPU.ActiveCfg = Release|Any CPU
		{867F904F-A42F-40A9-AFFC-D06DE0AAB48B}.Release|Any CPU.Build.0 = Release|Any CPU
		{ADDCEC71-D1E4-4607-80A3-792C8E7D23BB}.Debug|Any CPU.ActiveCfg = Debug|Any CPU
		{ADDCEC71-D1E4-4607-80A3-792C8E7D23BB}.Debug|Any CPU.Build.0 = Debug|Any CPU
		{ADDCEC71-D1E4-4607-80A3-792C8E7D23BB}.Release|Any CPU.ActiveCfg = Release|Any CPU
		{ADDCEC71-D1E4-4607-80A3-792C8E7D23BB}.Release|Any CPU.Build.0 = Release|Any CPU
		{80999FDF-A76D-4EB2-8238-14BF7E60A6ED}.Debug|Any CPU.ActiveCfg = Debug|Any CPU
		{80999FDF-A76D-4EB2-8238-14BF7E60A6ED}.Debug|Any CPU.Build.0 = Debug|Any CPU
		{80999FDF-A76D-4EB2-8238-14BF7E60A6ED}.Release|Any CPU.ActiveCfg = Release|Any CPU
		{80999FDF-A76D-4EB2-8238-14BF7E60A6ED}.Release|Any CPU.Build.0 = Release|Any CPU
		{AE411D4A-A114-4AEC-89D8-E067F8DF5F29}.Debug|Any CPU.ActiveCfg = Debug|Any CPU
		{AE411D4A-A114-4AEC-89D8-E067F8DF5F29}.Debug|Any CPU.Build.0 = Debug|Any CPU
		{AE411D4A-A114-4AEC-89D8-E067F8DF5F29}.Release|Any CPU.ActiveCfg = Release|Any CPU
		{AE411D4A-A114-4AEC-89D8-E067F8DF5F29}.Release|Any CPU.Build.0 = Release|Any CPU
		{9CC58F35-EAC0-4BC8-927B-BEC8B70E7299}.Debug|Any CPU.ActiveCfg = Debug|Any CPU
		{9CC58F35-EAC0-4BC8-927B-BEC8B70E7299}.Debug|Any CPU.Build.0 = Debug|Any CPU
		{9CC58F35-EAC0-4BC8-927B-BEC8B70E7299}.Release|Any CPU.ActiveCfg = Release|Any CPU
		{9CC58F35-EAC0-4BC8-927B-BEC8B70E7299}.Release|Any CPU.Build.0 = Release|Any CPU
	EndGlobalSection
	GlobalSection(SolutionProperties) = preSolution
		HideSolutionNode = FALSE
	EndGlobalSection
	GlobalSection(ExtensibilityGlobals) = postSolution
		SolutionGuid = {A591FB0D-0BE2-45E3-8BF1-BF01248BDA0A}
	EndGlobalSection
EndGlobal
